{
  "version": 4,
  "terraform_version": "0.14.6",
  "serial": 21,
  "lineage": "df7ad056-2159-7889-62ed-ff9e8f26a58d",
  "outputs": {},
  "resources": [
    {
      "mode": "data",
      "type": "azurerm_client_config",
      "name": "current",
      "provider": "provider[\"registry.terraform.io/hashicorp/azurerm\"]",
      "instances": [
        {
          "schema_version": 0,
          "attributes": {
            "client_id": "04b07795-8ddb-461a-bbee-02f9e1bf7b46",
            "id": "2021-03-14 13:05:11.504265 +0000 UTC",
            "object_id": "7649b9d4-1342-43b4-bfc5-8f4e18fbcfb9",
            "subscription_id": "a58f4f07-6319-4d8a-b908-1e047d2fd178",
            "tenant_id": "91700184-c314-4dc9-bb7e-a411df456a1e",
            "timeouts": null
          },
          "sensitive_attributes": []
        }
      ]
    },
    {
      "mode": "managed",
      "type": "azurerm_key_vault",
      "name": "kv",
      "provider": "provider[\"registry.terraform.io/hashicorp/azurerm\"]",
      "instances": [
        {
          "schema_version": 2,
          "attributes": {
            "access_policy": [],
            "contact": [],
            "enable_rbac_authorization": false,
            "enabled_for_deployment": false,
            "enabled_for_disk_encryption": false,
            "enabled_for_template_deployment": false,
            "id": "/subscriptions/a58f4f07-6319-4d8a-b908-1e047d2fd178/resourceGroups/ssub-terra-rg/providers/Microsoft.KeyVault/vaults/ssub-kv-01",
            "location": "westeurope",
            "name": "ssub-kv-01",
            "network_acls": [
              {
                "bypass": "AzureServices",
                "default_action": "Allow",
                "ip_rules": [],
                "virtual_network_subnet_ids": []
              }
            ],
            "purge_protection_enabled": false,
            "resource_group_name": "ssub-terra-rg",
            "sku_name": "standard",
            "soft_delete_enabled": true,
            "soft_delete_retention_days": 90,
            "tags": {
              "Billing": "internal",
              "Department": "601 Cloud Operations"
            },
            "tenant_id": "91700184-c314-4dc9-bb7e-a411df456a1e",
            "timeouts": null,
            "vault_uri": "https://ssub-kv-01.vault.azure.net/"
          },
          "sensitive_attributes": [],
          "private": "eyJlMmJmYjczMC1lY2FhLTExZTYtOGY4OC0zNDM2M2JjN2M0YzAiOnsiY3JlYXRlIjoxODAwMDAwMDAwMDAwLCJkZWxldGUiOjE4MDAwMDAwMDAwMDAsInJlYWQiOjMwMDAwMDAwMDAwMCwidXBkYXRlIjoxODAwMDAwMDAwMDAwfSwic2NoZW1hX3ZlcnNpb24iOiIyIn0=",
          "dependencies": [
            "azurerm_resource_group.rg",
            "data.azurerm_client_config.current"
          ]
        }
      ]
    },
    {
      "mode": "managed",
      "type": "azurerm_resource_group",
      "name": "rg",
      "provider": "provider[\"registry.terraform.io/hashicorp/azurerm\"]",
      "instances": [
        {
          "schema_version": 0,
          "attributes": {
            "id": "/subscriptions/a58f4f07-6319-4d8a-b908-1e047d2fd178/resourceGroups/ssub-terra-rg",
            "location": "westeurope",
            "name": "ssub-terra-rg",
            "tags": {
              "Billing": "internal",
              "Department": "601 Cloud Operations"
            },
            "timeouts": null
          },
          "sensitive_attributes": [],
          "private": "eyJlMmJmYjczMC1lY2FhLTExZTYtOGY4OC0zNDM2M2JjN2M0YzAiOnsiY3JlYXRlIjo1NDAwMDAwMDAwMDAwLCJkZWxldGUiOjU0MDAwMDAwMDAwMDAsInJlYWQiOjMwMDAwMDAwMDAwMCwidXBkYXRlIjo1NDAwMDAwMDAwMDAwfX0="
        }
      ]
    },
    {
      "mode": "managed",
      "type": "azurerm_storage_account",
      "name": "sa",
      "provider": "provider[\"registry.terraform.io/hashicorp/azurerm\"]",
      "instances": [
        {
          "schema_version": 2,
          "attributes": {
            "access_tier": "Hot",
            "account_kind": "StorageV2",
            "account_replication_type": "LRS",
            "account_tier": "Standard",
            "allow_blob_public_access": false,
            "blob_properties": [],
            "custom_domain": [],
            "enable_https_traffic_only": true,
            "id": "/subscriptions/a58f4f07-6319-4d8a-b908-1e047d2fd178/resourceGroups/ssub-terra-rg/providers/Microsoft.Storage/storageAccounts/ssubsa01",
            "identity": [],
            "is_hns_enabled": false,
            "large_file_share_enabled": null,
            "location": "westeurope",
            "min_tls_version": "TLS1_0",
            "name": "ssubsa01",
            "network_rules": [
              {
                "bypass": [
                  "AzureServices"
                ],
                "default_action": "Allow",
                "ip_rules": [],
                "virtual_network_subnet_ids": []
              }
            ],
            "primary_access_key": "cTqr25TPvjqDvsK5pXt8CoyUveAABVcPgrDB5KjRn7j+F8YO0Terxv3HyQ0DPyAMlvbetZKMiyqyVjNWgTTfSQ==",
            "primary_blob_connection_string": "DefaultEndpointsProtocol=https;BlobEndpoint=https://ssubsa01.blob.core.windows.net/;AccountName=ssubsa01;AccountKey=cTqr25TPvjqDvsK5pXt8CoyUveAABVcPgrDB5KjRn7j+F8YO0Terxv3HyQ0DPyAMlvbetZKMiyqyVjNWgTTfSQ==",
            "primary_blob_endpoint": "https://ssubsa01.blob.core.windows.net/",
            "primary_blob_host": "ssubsa01.blob.core.windows.net",
            "primary_connection_string": "DefaultEndpointsProtocol=https;AccountName=ssubsa01;AccountKey=cTqr25TPvjqDvsK5pXt8CoyUveAABVcPgrDB5KjRn7j+F8YO0Terxv3HyQ0DPyAMlvbetZKMiyqyVjNWgTTfSQ==;EndpointSuffix=core.windows.net",
            "primary_dfs_endpoint": "https://ssubsa01.dfs.core.windows.net/",
            "primary_dfs_host": "ssubsa01.dfs.core.windows.net",
            "primary_file_endpoint": "https://ssubsa01.file.core.windows.net/",
            "primary_file_host": "ssubsa01.file.core.windows.net",
            "primary_location": "westeurope",
            "primary_queue_endpoint": "https://ssubsa01.queue.core.windows.net/",
            "primary_queue_host": "ssubsa01.queue.core.windows.net",
            "primary_table_endpoint": "https://ssubsa01.table.core.windows.net/",
            "primary_table_host": "ssubsa01.table.core.windows.net",
            "primary_web_endpoint": "https://ssubsa01.z6.web.core.windows.net/",
            "primary_web_host": "ssubsa01.z6.web.core.windows.net",
            "queue_properties": [
              {
                "cors_rule": [],
                "hour_metrics": [
                  {
                    "enabled": true,
                    "include_apis": true,
                    "retention_policy_days": 7,
                    "version": "1.0"
                  }
                ],
                "logging": [
                  {
                    "delete": false,
                    "read": false,
                    "retention_policy_days": 0,
                    "version": "1.0",
                    "write": false
                  }
                ],
                "minute_metrics": [
                  {
                    "enabled": false,
                    "include_apis": false,
                    "retention_policy_days": 0,
                    "version": "1.0"
                  }
                ]
              }
            ],
            "resource_group_name": "ssub-terra-rg",
            "secondary_access_key": "0db3QKcRNQTAairchMXlKzodRixwjr/VsNeVX4WnnMGyTY6D8TCXZczeuRTK5lR5vozbM+AYfZEaAe4ISHhGHA==",
            "secondary_blob_connection_string": "",
            "secondary_blob_endpoint": null,
            "secondary_blob_host": null,
            "secondary_connection_string": "DefaultEndpointsProtocol=https;AccountName=ssubsa01;AccountKey=0db3QKcRNQTAairchMXlKzodRixwjr/VsNeVX4WnnMGyTY6D8TCXZczeuRTK5lR5vozbM+AYfZEaAe4ISHhGHA==;EndpointSuffix=core.windows.net",
            "secondary_dfs_endpoint": null,
            "secondary_dfs_host": null,
            "secondary_file_endpoint": null,
            "secondary_file_host": null,
            "secondary_location": "",
            "secondary_queue_endpoint": null,
            "secondary_queue_host": null,
            "secondary_table_endpoint": null,
            "secondary_table_host": null,
            "secondary_web_endpoint": null,
            "secondary_web_host": null,
            "static_website": [],
            "tags": {
              "Billing": "internal",
              "Department": "601 Cloud Operations"
            },
            "timeouts": null
          },
          "sensitive_attributes": [],
          "private": "eyJlMmJmYjczMC1lY2FhLTExZTYtOGY4OC0zNDM2M2JjN2M0YzAiOnsiY3JlYXRlIjozNjAwMDAwMDAwMDAwLCJkZWxldGUiOjM2MDAwMDAwMDAwMDAsInJlYWQiOjMwMDAwMDAwMDAwMCwidXBkYXRlIjozNjAwMDAwMDAwMDAwfSwic2NoZW1hX3ZlcnNpb24iOiIyIn0=",
          "dependencies": [
            "azurerm_resource_group.rg"
          ]
        }
      ]
    }
  ]
}
