{
  "version": 4,
  "terraform_version": "0.12.28",
  "serial": 4,
  "lineage": "977e0a61-70ba-ec0a-3a98-f0cbb92d6a63",
  "outputs": {},
  "resources": [
    {
      "mode": "managed",
      "type": "azurerm_resource_group",
      "name": "ssub-ex01",
      "provider": "provider.azurerm",
      "instances": [
        {
          "schema_version": 0,
          "attributes": {
            "id": "/subscriptions/a58f4f07-6319-4d8a-b908-1e047d2fd178/resourceGroups/ssub-ex01",
            "location": "eastus",
            "name": "ssub-ex01",
            "tags": null,
            "timeouts": null
          },
          "private": "eyJlMmJmYjczMC1lY2FhLTExZTYtOGY4OC0zNDM2M2JjN2M0YzAiOnsiY3JlYXRlIjo1NDAwMDAwMDAwMDAwLCJkZWxldGUiOjU0MDAwMDAwMDAwMDAsInJlYWQiOjMwMDAwMDAwMDAwMCwidXBkYXRlIjo1NDAwMDAwMDAwMDAwfX0="
        }
      ]
    }
  ]
}
